
Microsoft Visual Studio Solution File, Format Version 12.00
# Visual Studio 15
VisualStudioVersion = 15.0.25807.0
MinimumVisualStudioVersion = 10.0.40219.1
Project("{2150E333-8FDC-42A3-9474-1A3956D46DE8}") = "Engine", "Engine", "{58323AE0-5820-499E-AA01-8B469F9C5C04}"
EndProject
Project("{2150E333-8FDC-42A3-9474-1A3956D46DE8}") = "Games", "Games", "{746A928B-AE7C-4CBB-A512-A4E7FA36E2F1}"
EndProject
Project("{8BC9CEB8-8B4A-11D0-8D11-00A0C91BC942}") = "TerrainSimulator", "Intermediate\ProjectFiles\TerrainSimulator.vcxproj", "{E8E3302C-77EE-489E-9477-98701F905013}"
EndProject
Project("{8BC9CEB8-8B4A-11D0-8D11-00A0C91BC942}") = "UE4", "Intermediate\ProjectFiles\UE4.vcxproj", "{B8145750-02AD-4F09-920C-E4F2EB278CC2}"
EndProject
Project("{2150E333-8FDC-42A3-9474-1A3956D46DE8}") = "Visualizers", "Visualizers", "{371F235A-0033-4029-A189-5C605E571233}"
	ProjectSection(SolutionItems) = preProject
		F:\Programas\Unreal\Unreal Engine\UE_4.21\Engine\Extras\VisualStudioDebugging\UE4.natvis = F:\Programas\Unreal\Unreal Engine\UE_4.21\Engine\Extras\VisualStudioDebugging\UE4.natvis
	EndProjectSection
EndProject
Global
	GlobalSection(SolutionConfigurationPlatforms) = preSolution
		DebugGame Editor|Win32 = DebugGame Editor|Win32
		DebugGame Editor|Win64 = DebugGame Editor|Win64
		DebugGame|Win32 = DebugGame|Win32
		DebugGame|Win64 = DebugGame|Win64
		Development Editor|Win32 = Development Editor|Win32
		Development Editor|Win64 = Development Editor|Win64
		Development|Win32 = Development|Win32
		Development|Win64 = Development|Win64
		Shipping|Win32 = Shipping|Win32
		Shipping|Win64 = Shipping|Win64
	EndGlobalSection
	GlobalSection(ProjectConfigurationPlatforms) = postSolution
		{E8E3302C-77EE-489E-9477-98701F905013}.DebugGame Editor|Win32.ActiveCfg = Invalid|Win32
		{E8E3302C-77EE-489E-9477-98701F905013}.DebugGame Editor|Win64.ActiveCfg = DebugGame_Editor|x64
		{E8E3302C-77EE-489E-9477-98701F905013}.DebugGame Editor|Win64.Build.0 = DebugGame_Editor|x64
		{E8E3302C-77EE-489E-9477-98701F905013}.DebugGame|Win32.ActiveCfg = DebugGame|Win32
		{E8E3302C-77EE-489E-9477-98701F905013}.DebugGame|Win32.Build.0 = DebugGame|Win32
		{E8E3302C-77EE-489E-9477-98701F905013}.DebugGame|Win64.ActiveCfg = DebugGame|x64
		{E8E3302C-77EE-489E-9477-98701F905013}.DebugGame|Win64.Build.0 = DebugGame|x64
		{E8E3302C-77EE-489E-9477-98701F905013}.Development Editor|Win32.ActiveCfg = Invalid|Win32
		{E8E3302C-77EE-489E-9477-98701F905013}.Development Editor|Win64.ActiveCfg = Development_Editor|x64
		{E8E3302C-77EE-489E-9477-98701F905013}.Development Editor|Win64.Build.0 = Development_Editor|x64
		{E8E3302C-77EE-489E-9477-98701F905013}.Development|Win32.ActiveCfg = Development|Win32
		{E8E3302C-77EE-489E-9477-98701F905013}.Development|Win32.Build.0 = Development|Win32
		{E8E3302C-77EE-489E-9477-98701F905013}.Development|Win64.ActiveCfg = Development|x64
		{E8E3302C-77EE-489E-9477-98701F905013}.Development|Win64.Build.0 = Development|x64
		{E8E3302C-77EE-489E-9477-98701F905013}.Shipping|Win32.ActiveCfg = Shipping|Win32
		{E8E3302C-77EE-489E-9477-98701F905013}.Shipping|Win32.Build.0 = Shipping|Win32
		{E8E3302C-77EE-489E-9477-98701F905013}.Shipping|Win64.ActiveCfg = Shipping|x64
		{E8E3302C-77EE-489E-9477-98701F905013}.Shipping|Win64.Build.0 = Shipping|x64
		{B8145750-02AD-4F09-920C-E4F2EB278CC2}.DebugGame Editor|Win32.ActiveCfg = BuiltWithUnrealBuildTool|Win32
		{B8145750-02AD-4F09-920C-E4F2EB278CC2}.DebugGame Editor|Win64.ActiveCfg = BuiltWithUnrealBuildTool|Win32
		{B8145750-02AD-4F09-920C-E4F2EB278CC2}.DebugGame|Win32.ActiveCfg = BuiltWithUnrealBuildTool|Win32
		{B8145750-02AD-4F09-920C-E4F2EB278CC2}.DebugGame|Win64.ActiveCfg = BuiltWithUnrealBuildTool|Win32
		{B8145750-02AD-4F09-920C-E4F2EB278CC2}.Development Editor|Win32.ActiveCfg = BuiltWithUnrealBuildTool|Win32
		{B8145750-02AD-4F09-920C-E4F2EB278CC2}.Development Editor|Win64.ActiveCfg = BuiltWithUnrealBuildTool|Win32
		{B8145750-02AD-4F09-920C-E4F2EB278CC2}.Development|Win32.ActiveCfg = BuiltWithUnrealBuildTool|Win32
		{B8145750-02AD-4F09-920C-E4F2EB278CC2}.Development|Win64.ActiveCfg = BuiltWithUnrealBuildTool|Win32
		{B8145750-02AD-4F09-920C-E4F2EB278CC2}.Shipping|Win32.ActiveCfg = BuiltWithUnrealBuildTool|Win32
		{B8145750-02AD-4F09-920C-E4F2EB278CC2}.Shipping|Win64.ActiveCfg = BuiltWithUnrealBuildTool|Win32
	EndGlobalSection
	GlobalSection(SolutionProperties) = preSolution
		HideSolutionNode = FALSE
	EndGlobalSection
	GlobalSection(NestedProjects) = preSolution
		{B8145750-02AD-4F09-920C-E4F2EB278CC2} = {58323AE0-5820-499E-AA01-8B469F9C5C04}
		{E8E3302C-77EE-489E-9477-98701F905013} = {746A928B-AE7C-4CBB-A512-A4E7FA36E2F1}
	EndGlobalSection
EndGlobal
