
Microsoft Visual Studio Solution File, Format Version 12.00
# Visual Studio Version 16
VisualStudioVersion = 16.0.28803.156
MinimumVisualStudioVersion = 10.0.40219.1
Project("{8BC9CEB8-8B4A-11D0-8D11-00A0C91BC942}") = "GEOControl", "GEOControl\GEOControl.vcxproj", "{8458CF42-FAB3-4032-A47D-11577981057F}"
EndProject
Project("{8BC9CEB8-8B4A-11D0-8D11-00A0C91BC942}") = "TestGEOControl", "TestGEOControl\TestGEOControl.vcxproj", "{AE6BEB58-54ED-4436-A2A2-A4AFCD4B59FF}"
	ProjectSection(ProjectDependencies) = postProject
		{8458CF42-FAB3-4032-A47D-11577981057F} = {8458CF42-FAB3-4032-A47D-11577981057F}
	EndProjectSection
EndProject
Project("{8BC9CEB8-8B4A-11D0-8D11-00A0C91BC942}") = "rpc", "RPCLib\rpc.vcxproj", "{8A1E69B0-F367-3CE2-B602-AB49DAC6D202}"
EndProject
Global
	GlobalSection(SolutionConfigurationPlatforms) = preSolution
		Debug|x64 = Debug|x64
		Debug|x86 = Debug|x86
		MinSizeRel|x64 = MinSizeRel|x64
		MinSizeRel|x86 = MinSizeRel|x86
		Release|x64 = Release|x64
		Release|x86 = Release|x86
		RelWithDebInfo|x64 = RelWithDebInfo|x64
		RelWithDebInfo|x86 = RelWithDebInfo|x86
	EndGlobalSection
	GlobalSection(ProjectConfigurationPlatforms) = postSolution
		{8458CF42-FAB3-4032-A47D-11577981057F}.Debug|x64.ActiveCfg = Debug|x64
		{8458CF42-FAB3-4032-A47D-11577981057F}.Debug|x64.Build.0 = Debug|x64
		{8458CF42-FAB3-4032-A47D-11577981057F}.Debug|x86.ActiveCfg = Debug|Win32
		{8458CF42-FAB3-4032-A47D-11577981057F}.Debug|x86.Build.0 = Debug|Win32
		{8458CF42-FAB3-4032-A47D-11577981057F}.MinSizeRel|x64.ActiveCfg = Release|x64
		{8458CF42-FAB3-4032-A47D-11577981057F}.MinSizeRel|x64.Build.0 = Release|x64
		{8458CF42-FAB3-4032-A47D-11577981057F}.MinSizeRel|x86.ActiveCfg = Release|Win32
		{8458CF42-FAB3-4032-A47D-11577981057F}.MinSizeRel|x86.Build.0 = Release|Win32
		{8458CF42-FAB3-4032-A47D-11577981057F}.Release|x64.ActiveCfg = Release|x64
		{8458CF42-FAB3-4032-A47D-11577981057F}.Release|x64.Build.0 = Release|x64
		{8458CF42-FAB3-4032-A47D-11577981057F}.Release|x86.ActiveCfg = Release|Win32
		{8458CF42-FAB3-4032-A47D-11577981057F}.Release|x86.Build.0 = Release|Win32
		{8458CF42-FAB3-4032-A47D-11577981057F}.RelWithDebInfo|x64.ActiveCfg = Release|x64
		{8458CF42-FAB3-4032-A47D-11577981057F}.RelWithDebInfo|x64.Build.0 = Release|x64
		{8458CF42-FAB3-4032-A47D-11577981057F}.RelWithDebInfo|x86.ActiveCfg = Release|Win32
		{8458CF42-FAB3-4032-A47D-11577981057F}.RelWithDebInfo|x86.Build.0 = Release|Win32
		{AE6BEB58-54ED-4436-A2A2-A4AFCD4B59FF}.Debug|x64.ActiveCfg = Debug|x64
		{AE6BEB58-54ED-4436-A2A2-A4AFCD4B59FF}.Debug|x64.Build.0 = Debug|x64
		{AE6BEB58-54ED-4436-A2A2-A4AFCD4B59FF}.Debug|x86.ActiveCfg = Debug|Win32
		{AE6BEB58-54ED-4436-A2A2-A4AFCD4B59FF}.Debug|x86.Build.0 = Debug|Win32
		{AE6BEB58-54ED-4436-A2A2-A4AFCD4B59FF}.MinSizeRel|x64.ActiveCfg = Release|x64
		{AE6BEB58-54ED-4436-A2A2-A4AFCD4B59FF}.MinSizeRel|x64.Build.0 = Release|x64
		{AE6BEB58-54ED-4436-A2A2-A4AFCD4B59FF}.MinSizeRel|x86.ActiveCfg = Release|Win32
		{AE6BEB58-54ED-4436-A2A2-A4AFCD4B59FF}.MinSizeRel|x86.Build.0 = Release|Win32
		{AE6BEB58-54ED-4436-A2A2-A4AFCD4B59FF}.Release|x64.ActiveCfg = Release|x64
		{AE6BEB58-54ED-4436-A2A2-A4AFCD4B59FF}.Release|x64.Build.0 = Release|x64
		{AE6BEB58-54ED-4436-A2A2-A4AFCD4B59FF}.Release|x86.ActiveCfg = Release|Win32
		{AE6BEB58-54ED-4436-A2A2-A4AFCD4B59FF}.Release|x86.Build.0 = Release|Win32
		{AE6BEB58-54ED-4436-A2A2-A4AFCD4B59FF}.RelWithDebInfo|x64.ActiveCfg = Release|x64
		{AE6BEB58-54ED-4436-A2A2-A4AFCD4B59FF}.RelWithDebInfo|x64.Build.0 = Release|x64
		{AE6BEB58-54ED-4436-A2A2-A4AFCD4B59FF}.RelWithDebInfo|x86.ActiveCfg = Release|Win32
		{AE6BEB58-54ED-4436-A2A2-A4AFCD4B59FF}.RelWithDebInfo|x86.Build.0 = Release|Win32
		{8A1E69B0-F367-3CE2-B602-AB49DAC6D202}.Debug|x64.ActiveCfg = Debug|x64
		{8A1E69B0-F367-3CE2-B602-AB49DAC6D202}.Debug|x64.Build.0 = Debug|x64
		{8A1E69B0-F367-3CE2-B602-AB49DAC6D202}.Debug|x86.ActiveCfg = Debug|x64
		{8A1E69B0-F367-3CE2-B602-AB49DAC6D202}.MinSizeRel|x64.ActiveCfg = MinSizeRel|x64
		{8A1E69B0-F367-3CE2-B602-AB49DAC6D202}.MinSizeRel|x64.Build.0 = MinSizeRel|x64
		{8A1E69B0-F367-3CE2-B602-AB49DAC6D202}.MinSizeRel|x86.ActiveCfg = MinSizeRel|x64
		{8A1E69B0-F367-3CE2-B602-AB49DAC6D202}.Release|x64.ActiveCfg = Release|x64
		{8A1E69B0-F367-3CE2-B602-AB49DAC6D202}.Release|x64.Build.0 = Release|x64
		{8A1E69B0-F367-3CE2-B602-AB49DAC6D202}.Release|x86.ActiveCfg = Release|x64
		{8A1E69B0-F367-3CE2-B602-AB49DAC6D202}.RelWithDebInfo|x64.ActiveCfg = RelWithDebInfo|x64
		{8A1E69B0-F367-3CE2-B602-AB49DAC6D202}.RelWithDebInfo|x64.Build.0 = RelWithDebInfo|x64
		{8A1E69B0-F367-3CE2-B602-AB49DAC6D202}.RelWithDebInfo|x86.ActiveCfg = RelWithDebInfo|x64
	EndGlobalSection
	GlobalSection(SolutionProperties) = preSolution
		HideSolutionNode = FALSE
	EndGlobalSection
	GlobalSection(ExtensibilityGlobals) = postSolution
		SolutionGuid = {6437BA78-2ED8-44CA-A7EA-8F5C14EA3C9D}
	EndGlobalSection
EndGlobal
