
Microsoft Visual Studio Solution File, Format Version 12.00
# Visual Studio Version 16
VisualStudioVersion = 16.0.28315.86
MinimumVisualStudioVersion = 10.0.40219.1
Project("{2150E333-8FDC-42A3-9474-1A3956D46DE8}") = "Engine", "Engine", "{B24BFB14-43FA-4D55-84F6-B591F33FA14E}"
EndProject
Project("{2150E333-8FDC-42A3-9474-1A3956D46DE8}") = "Games", "Games", "{2268B600-8D8D-4749-9462-19D3842CCE54}"
EndProject
Project("{8BC9CEB8-8B4A-11D0-8D11-00A0C91BC942}") = "GEOSimulator", "Intermediate\ProjectFiles\GEOSimulator.vcxproj", "{113CE3FE-6319-4098-81F8-9329CB406F20}"
EndProject
Project("{8BC9CEB8-8B4A-11D0-8D11-00A0C91BC942}") = "UE4", "Intermediate\ProjectFiles\UE4.vcxproj", "{309098BB-DC5E-4733-8B0A-325923BCFE2F}"
EndProject
Project("{2150E333-8FDC-42A3-9474-1A3956D46DE8}") = "Visualizers", "Visualizers", "{F71647E4-074C-4E1E-AC01-12F984F59D52}"
	ProjectSection(SolutionItems) = preProject
		F:\Programas\Unreal\Unreal Engine\UE_4.22\Engine\Extras\VisualStudioDebugging\UE4.natvis = F:\Programas\Unreal\Unreal Engine\UE_4.22\Engine\Extras\VisualStudioDebugging\UE4.natvis
	EndProjectSection
EndProject
Global
	GlobalSection(SolutionConfigurationPlatforms) = preSolution
		DebugGame Editor|HTML5 = DebugGame Editor|HTML5
		DebugGame Editor|Win32 = DebugGame Editor|Win32
		DebugGame Editor|Win64 = DebugGame Editor|Win64
		DebugGame|HTML5 = DebugGame|HTML5
		DebugGame|Win32 = DebugGame|Win32
		DebugGame|Win64 = DebugGame|Win64
		Development Editor|HTML5 = Development Editor|HTML5
		Development Editor|Win32 = Development Editor|Win32
		Development Editor|Win64 = Development Editor|Win64
		Development|HTML5 = Development|HTML5
		Development|Win32 = Development|Win32
		Development|Win64 = Development|Win64
		Shipping|HTML5 = Shipping|HTML5
		Shipping|Win32 = Shipping|Win32
		Shipping|Win64 = Shipping|Win64
	EndGlobalSection
	GlobalSection(ProjectConfigurationPlatforms) = postSolution
		{113CE3FE-6319-4098-81F8-9329CB406F20}.DebugGame Editor|HTML5.ActiveCfg = Invalid|Win32
		{113CE3FE-6319-4098-81F8-9329CB406F20}.DebugGame Editor|Win32.ActiveCfg = Invalid|Win32
		{113CE3FE-6319-4098-81F8-9329CB406F20}.DebugGame Editor|Win64.ActiveCfg = DebugGame_Editor|x64
		{113CE3FE-6319-4098-81F8-9329CB406F20}.DebugGame Editor|Win64.Build.0 = DebugGame_Editor|x64
		{113CE3FE-6319-4098-81F8-9329CB406F20}.DebugGame|HTML5.ActiveCfg = HTML5_DebugGame|Win32
		{113CE3FE-6319-4098-81F8-9329CB406F20}.DebugGame|HTML5.Build.0 = HTML5_DebugGame|Win32
		{113CE3FE-6319-4098-81F8-9329CB406F20}.DebugGame|Win32.ActiveCfg = DebugGame|Win32
		{113CE3FE-6319-4098-81F8-9329CB406F20}.DebugGame|Win32.Build.0 = DebugGame|Win32
		{113CE3FE-6319-4098-81F8-9329CB406F20}.DebugGame|Win64.ActiveCfg = DebugGame|x64
		{113CE3FE-6319-4098-81F8-9329CB406F20}.DebugGame|Win64.Build.0 = DebugGame|x64
		{113CE3FE-6319-4098-81F8-9329CB406F20}.Development Editor|HTML5.ActiveCfg = Invalid|Win32
		{113CE3FE-6319-4098-81F8-9329CB406F20}.Development Editor|Win32.ActiveCfg = Invalid|Win32
		{113CE3FE-6319-4098-81F8-9329CB406F20}.Development Editor|Win64.ActiveCfg = Development_Editor|x64
		{113CE3FE-6319-4098-81F8-9329CB406F20}.Development Editor|Win64.Build.0 = Development_Editor|x64
		{113CE3FE-6319-4098-81F8-9329CB406F20}.Development|HTML5.ActiveCfg = HTML5_Development|Win32
		{113CE3FE-6319-4098-81F8-9329CB406F20}.Development|HTML5.Build.0 = HTML5_Development|Win32
		{113CE3FE-6319-4098-81F8-9329CB406F20}.Development|Win32.ActiveCfg = Development|Win32
		{113CE3FE-6319-4098-81F8-9329CB406F20}.Development|Win32.Build.0 = Development|Win32
		{113CE3FE-6319-4098-81F8-9329CB406F20}.Development|Win64.ActiveCfg = Development|x64
		{113CE3FE-6319-4098-81F8-9329CB406F20}.Development|Win64.Build.0 = Development|x64
		{113CE3FE-6319-4098-81F8-9329CB406F20}.Shipping|HTML5.ActiveCfg = HTML5_Shipping|Win32
		{113CE3FE-6319-4098-81F8-9329CB406F20}.Shipping|HTML5.Build.0 = HTML5_Shipping|Win32
		{113CE3FE-6319-4098-81F8-9329CB406F20}.Shipping|Win32.ActiveCfg = Shipping|Win32
		{113CE3FE-6319-4098-81F8-9329CB406F20}.Shipping|Win32.Build.0 = Shipping|Win32
		{113CE3FE-6319-4098-81F8-9329CB406F20}.Shipping|Win64.ActiveCfg = Shipping|x64
		{113CE3FE-6319-4098-81F8-9329CB406F20}.Shipping|Win64.Build.0 = Shipping|x64
		{309098BB-DC5E-4733-8B0A-325923BCFE2F}.DebugGame Editor|HTML5.ActiveCfg = BuiltWithUnrealBuildTool|Win32
		{309098BB-DC5E-4733-8B0A-325923BCFE2F}.DebugGame Editor|Win32.ActiveCfg = BuiltWithUnrealBuildTool|Win32
		{309098BB-DC5E-4733-8B0A-325923BCFE2F}.DebugGame Editor|Win64.ActiveCfg = BuiltWithUnrealBuildTool|Win32
		{309098BB-DC5E-4733-8B0A-325923BCFE2F}.DebugGame|HTML5.ActiveCfg = BuiltWithUnrealBuildTool|Win32
		{309098BB-DC5E-4733-8B0A-325923BCFE2F}.DebugGame|Win32.ActiveCfg = BuiltWithUnrealBuildTool|Win32
		{309098BB-DC5E-4733-8B0A-325923BCFE2F}.DebugGame|Win64.ActiveCfg = BuiltWithUnrealBuildTool|Win32
		{309098BB-DC5E-4733-8B0A-325923BCFE2F}.Development Editor|HTML5.ActiveCfg = BuiltWithUnrealBuildTool|Win32
		{309098BB-DC5E-4733-8B0A-325923BCFE2F}.Development Editor|Win32.ActiveCfg = BuiltWithUnrealBuildTool|Win32
		{309098BB-DC5E-4733-8B0A-325923BCFE2F}.Development Editor|Win64.ActiveCfg = BuiltWithUnrealBuildTool|Win32
		{309098BB-DC5E-4733-8B0A-325923BCFE2F}.Development|HTML5.ActiveCfg = BuiltWithUnrealBuildTool|Win32
		{309098BB-DC5E-4733-8B0A-325923BCFE2F}.Development|Win32.ActiveCfg = BuiltWithUnrealBuildTool|Win32
		{309098BB-DC5E-4733-8B0A-325923BCFE2F}.Development|Win64.ActiveCfg = BuiltWithUnrealBuildTool|Win32
		{309098BB-DC5E-4733-8B0A-325923BCFE2F}.Shipping|HTML5.ActiveCfg = BuiltWithUnrealBuildTool|Win32
		{309098BB-DC5E-4733-8B0A-325923BCFE2F}.Shipping|Win32.ActiveCfg = BuiltWithUnrealBuildTool|Win32
		{309098BB-DC5E-4733-8B0A-325923BCFE2F}.Shipping|Win64.ActiveCfg = BuiltWithUnrealBuildTool|Win32
	EndGlobalSection
	GlobalSection(SolutionProperties) = preSolution
		HideSolutionNode = FALSE
	EndGlobalSection
	GlobalSection(NestedProjects) = preSolution
		{309098BB-DC5E-4733-8B0A-325923BCFE2F} = {B24BFB14-43FA-4D55-84F6-B591F33FA14E}
		{113CE3FE-6319-4098-81F8-9329CB406F20} = {2268B600-8D8D-4749-9462-19D3842CCE54}
	EndGlobalSection
EndGlobal
